// !$*UTF8*$!
{
	archiveVersion = 1;
	classes = {
	};
	objectVersion = 46;
	objects = {

/* Begin PBXBuildFile section */
		3603DFB2247DC28600916366 /* AppDelegate.m in Sources */ = {isa = PBXBuildFile; fileRef = 36AE8DBF1F5C1EF40072FD94 /* AppDelegate.m */; };
		3603DFB3247DC28600916366 /* ShowTouchesView.m in Sources */ = {isa = PBXBuildFile; fileRef = 36AE8DD21F5C1FA50072FD94 /* ShowTouchesView.m */; };
		3603DFB4247DC28600916366 /* main.m in Sources */ = {isa = PBXBuildFile; fileRef = 36AE8DBC1F5C1EF40072FD94 /* main.m */; };
		3603DFBD247DC28600916366 /* LaunchScreen.storyboard in Resources */ = {isa = PBXBuildFile; fileRef = 36AE8DC91F5C1EF40072FD94 /* LaunchScreen.storyboard */; };
		3603DFBE247DC28600916366 /* InfoPlist.strings in Resources */ = {isa = PBXBuildFile; fileRef = 36AE8DDD1F5C3C530072FD94 /* InfoPlist.strings */; };
		3603DFBF247DC28600916366 /* Assets.xcassets in Resources */ = {isa = PBXBuildFile; fileRef = 36AE8DC71F5C1EF40072FD94 /* Assets.xcassets */; };
		363FD845218BB62200AB3CD6 /* Accelerate.framework in Frameworks */ = {isa = PBXBuildFile; fileRef = 363FD844218BB62200AB3CD6 /* Accelerate.framework */; };
		363FD847218BB63200AB3CD6 /* AudioToolbox.framework in Frameworks */ = {isa = PBXBuildFile; fileRef = 363FD846218BB63200AB3CD6 /* AudioToolbox.framework */; };
		363FD849218BB63D00AB3CD6 /* MediaPlayer.framework in Frameworks */ = {isa = PBXBuildFile; fileRef = 363FD848218BB63D00AB3CD6 /* MediaPlayer.framework */; };
		363FD851218BB74E00AB3CD6 /* libSonarPenUniversal.a in Frameworks */ = {isa = PBXBuildFile; fileRef = 363FD850218BB74E00AB3CD6 /* libSonarPenUniversal.a */; };
		363FD855218BB93E00AB3CD6 /* libc++.tbd in Frameworks */ = {isa = PBXBuildFile; fileRef = 363FD854218BB93E00AB3CD6 /* libc++.tbd */; };
		363FD857218BCC5300AB3CD6 /* Settings.bundle in Resources */ = {isa = PBXBuildFile; fileRef = 363FD856218BCC5300AB3CD6 /* Settings.bundle */; };
		36AE8DBD1F5C1EF40072FD94 /* main.m in Sources */ = {isa = PBXBuildFile; fileRef = 36AE8DBC1F5C1EF40072FD94 /* main.m */; };
		36AE8DC01F5C1EF40072FD94 /* AppDelegate.m in Sources */ = {isa = PBXBuildFile; fileRef = 36AE8DBF1F5C1EF40072FD94 /* AppDelegate.m */; };
		36AE8DC81F5C1EF40072FD94 /* Assets.xcassets in Resources */ = {isa = PBXBuildFile; fileRef = 36AE8DC71F5C1EF40072FD94 /* Assets.xcassets */; };
		36AE8DCB1F5C1EF40072FD94 /* LaunchScreen.storyboard in Resources */ = {isa = PBXBuildFile; fileRef = 36AE8DC91F5C1EF40072FD94 /* LaunchScreen.storyboard */; };
		36AE8DD31F5C1FA50072FD94 /* ShowTouchesView.m in Sources */ = {isa = PBXBuildFile; fileRef = 36AE8DD21F5C1FA50072FD94 /* ShowTouchesView.m */; };
		36AE8DDB1F5C3C530072FD94 /* InfoPlist.strings in Resources */ = {isa = PBXBuildFile; fileRef = 36AE8DDD1F5C3C530072FD94 /* InfoPlist.strings */; };
/* End PBXBuildFile section */

/* Begin PBXFileReference section */
		3603DFAE247DB9E700916366 /* LICENSE.md */ = {isa = PBXFileReference; lastKnownFileType = net.daringfireball.markdown; path = LICENSE.md; sourceTree = "<group>"; };
		3603DFAF247DBE9000916366 /* README.md */ = {isa = PBXFileReference; lastKnownFileType = net.daringfireball.markdown; path = README.md; sourceTree = "<group>"; };
		363FD844218BB62200AB3CD6 /* Accelerate.framework */ = {isa = PBXFileReference; lastKnownFileType = wrapper.framework; name = Accelerate.framework; path = System/Library/Frameworks/Accelerate.framework; sourceTree = SDKROOT; };
		363FD846218BB63200AB3CD6 /* AudioToolbox.framework */ = {isa = PBXFileReference; lastKnownFileType = wrapper.framework; name = AudioToolbox.framework; path = System/Library/Frameworks/AudioToolbox.framework; sourceTree = SDKROOT; };
		363FD848218BB63D00AB3CD6 /* MediaPlayer.framework */ = {isa = PBXFileReference; lastKnownFileType = wrapper.framework; name = MediaPlayer.framework; path = System/Library/Frameworks/MediaPlayer.framework; sourceTree = SDKROOT; };
		363FD850218BB74E00AB3CD6 /* libSonarPenUniversal.a */ = {isa = PBXFileReference; lastKnownFileType = archive.ar; path = libSonarPenUniversal.a; sourceTree = "<group>"; };
		363FD852218BB78500AB3CD6 /* WTSonarPenTouchesHandler.h */ = {isa = PBXFileReference; lastKnownFileType = sourcecode.c.h; name = WTSonarPenTouchesHandler.h; path = include/WTSonarPenTouchesHandler.h; sourceTree = "<group>"; };
		363FD853218BB78500AB3CD6 /* WTSonarPenDriver.h */ = {isa = PBXFileReference; lastKnownFileType = sourcecode.c.h; name = WTSonarPenDriver.h; path = include/WTSonarPenDriver.h; sourceTree = "<group>"; };
		363FD854218BB93E00AB3CD6 /* libc++.tbd */ = {isa = PBXFileReference; lastKnownFileType = "sourcecode.text-based-dylib-definition"; name = "libc++.tbd"; path = "usr/lib/libc++.tbd"; sourceTree = SDKROOT; };
		363FD856218BCC5300AB3CD6 /* Settings.bundle */ = {isa = PBXFileReference; lastKnownFileType = "wrapper.plug-in"; path = Settings.bundle; sourceTree = "<group>"; };
		36AE8DB81F5C1EF40072FD94 /* ShowTouches.app */ = {isa = PBXFileReference; explicitFileType = wrapper.application; includeInIndex = 0; path = ShowTouches.app; sourceTree = BUILT_PRODUCTS_DIR; };
		3603DFC3247DC28600916366 /* ShowTouches (FOSS).app */ = {isa = PBXFileReference; explicitFileType = wrapper.application; includeInIndex = 0; path = "ShowTouches (FOSS).app"; sourceTree = BUILT_PRODUCTS_DIR; };
		36AE8DBC1F5C1EF40072FD94 /* main.m */ = {isa = PBXFileReference; lastKnownFileType = sourcecode.c.objc; path = main.m; sourceTree = "<group>"; };
		36AE8DBE1F5C1EF40072FD94 /* AppDelegate.h */ = {isa = PBXFileReference; lastKnownFileType = sourcecode.c.h; path = AppDelegate.h; sourceTree = "<group>"; };
		36AE8DBF1F5C1EF40072FD94 /* AppDelegate.m */ = {isa = PBXFileReference; lastKnownFileType = sourcecode.c.objc; path = AppDelegate.m; sourceTree = "<group>"; };
		36AE8DC71F5C1EF40072FD94 /* Assets.xcassets */ = {isa = PBXFileReference; lastKnownFileType = folder.assetcatalog; path = Assets.xcassets; sourceTree = "<group>"; };
		36AE8DCA1F5C1EF40072FD94 /* Base */ = {isa = PBXFileReference; lastKnownFileType = file.storyboard; name = Base; path = Base.lproj/LaunchScreen.storyboard; sourceTree = "<group>"; };
		36AE8DCC1F5C1EF40072FD94 /* Info.plist */ = {isa = PBXFileReference; lastKnownFileType = text.plist.xml; path = Info.plist; sourceTree = "<group>"; };
		36AE8DD21F5C1FA50072FD94 /* ShowTouchesView.m */ = {isa = PBXFileReference; fileEncoding = 4; lastKnownFileType = sourcecode.c.objc; path = ShowTouchesView.m; sourceTree = "<group>"; };
		36AE8DD41F5C1FB30072FD94 /* ShowTouchesView.h */ = {isa = PBXFileReference; lastKnownFileType = sourcecode.c.h; path = ShowTouchesView.h; sourceTree = "<group>"; };
		36AE8DDA1F5C3C490072FD94 /* nl */ = {isa = PBXFileReference; lastKnownFileType = text.plist.strings; name = nl; path = nl.lproj/LaunchScreen.strings; sourceTree = "<group>"; };
		36AE8DDC1F5C3C530072FD94 /* nl */ = {isa = PBXFileReference; lastKnownFileType = text.plist.strings; name = nl; path = nl.lproj/InfoPlist.strings; sourceTree = "<group>"; };
/* End PBXFileReference section */

/* Begin PBXFrameworksBuildPhase section */
		3603DFB5247DC28600916366 /* Frameworks */ = {
			isa = PBXFrameworksBuildPhase;
			buildActionMask = 2147483647;
			files = (
			);
			runOnlyForDeploymentPostprocessing = 0;
		};
		36AE8DB51F5C1EF40072FD94 /* Frameworks */ = {
			isa = PBXFrameworksBuildPhase;
			buildActionMask = 2147483647;
			files = (
				363FD855218BB93E00AB3CD6 /* libc++.tbd in Frameworks */,
				363FD849218BB63D00AB3CD6 /* MediaPlayer.framework in Frameworks */,
				363FD847218BB63200AB3CD6 /* AudioToolbox.framework in Frameworks */,
				363FD851218BB74E00AB3CD6 /* libSonarPenUniversal.a in Frameworks */,
				363FD845218BB62200AB3CD6 /* Accelerate.framework in Frameworks */,
			);
			runOnlyForDeploymentPostprocessing = 0;
		};
/* End PBXFrameworksBuildPhase section */

/* Begin PBXGroup section */
		363FD843218BB62200AB3CD6 /* Frameworks */ = {
			isa = PBXGroup;
			children = (
				363FD854218BB93E00AB3CD6 /* libc++.tbd */,
				363FD848218BB63D00AB3CD6 /* MediaPlayer.framework */,
				363FD846218BB63200AB3CD6 /* AudioToolbox.framework */,
				363FD844218BB62200AB3CD6 /* Accelerate.framework */,
			);
			name = Frameworks;
			sourceTree = "<group>";
		};
		363FD84C218BB74E00AB3CD6 /* SonarPen */ = {
			isa = PBXGroup;
			children = (
				363FD853218BB78500AB3CD6 /* WTSonarPenDriver.h */,
				363FD852218BB78500AB3CD6 /* WTSonarPenTouchesHandler.h */,
				363FD850218BB74E00AB3CD6 /* libSonarPenUniversal.a */,
			);
			path = SonarPen;
			sourceTree = "<group>";
		};
		36AE8DAF1F5C1EF40072FD94 = {
			isa = PBXGroup;
			children = (
				3603DFAF247DBE9000916366 /* README.md */,
				3603DFAE247DB9E700916366 /* LICENSE.md */,
				36AE8DBA1F5C1EF40072FD94 /* ShowTouches */,
				363FD84C218BB74E00AB3CD6 /* SonarPen */,
				36AE8DB91F5C1EF40072FD94 /* Products */,
				363FD843218BB62200AB3CD6 /* Frameworks */,
			);
			sourceTree = "<group>";
			usesTabs = 1;
		};
		36AE8DB91F5C1EF40072FD94 /* Products */ = {
			isa = PBXGroup;
			children = (
				36AE8DB81F5C1EF40072FD94 /* ShowTouches.app */,
				3603DFC3247DC28600916366 /* ShowTouches (FOSS).app */,
			);
			name = Products;
			sourceTree = "<group>";
		};
		36AE8DBA1F5C1EF40072FD94 /* ShowTouches */ = {
			isa = PBXGroup;
			children = (
				36AE8DD41F5C1FB30072FD94 /* ShowTouchesView.h */,
				36AE8DD21F5C1FA50072FD94 /* ShowTouchesView.m */,
				36AE8DBE1F5C1EF40072FD94 /* AppDelegate.h */,
				36AE8DBF1F5C1EF40072FD94 /* AppDelegate.m */,
				36AE8DBC1F5C1EF40072FD94 /* main.m */,
				36AE8DC71F5C1EF40072FD94 /* Assets.xcassets */,
				36AE8DC91F5C1EF40072FD94 /* LaunchScreen.storyboard */,
				36AE8DCC1F5C1EF40072FD94 /* Info.plist */,
				36AE8DDD1F5C3C530072FD94 /* InfoPlist.strings */,
				363FD856218BCC5300AB3CD6 /* Settings.bundle */,
			);
			path = ShowTouches;
			sourceTree = "<group>";
		};
/* End PBXGroup section */

/* Begin PBXNativeTarget section */
		3603DFB0247DC28600916366 /* ShowTouches (FOSS) */ = {
			isa = PBXNativeTarget;
			buildConfigurationList = 3603DFC0247DC28600916366 /* Build configuration list for PBXNativeTarget "ShowTouches (FOSS)" */;
			buildPhases = (
				3603DFB1247DC28600916366 /* Sources */,
				3603DFB5247DC28600916366 /* Frameworks */,
				3603DFBB247DC28600916366 /* Resources */,
			);
			buildRules = (
			);
			dependencies = (
			);
			name = "ShowTouches (FOSS)";
			productName = ShowTouches;
			productReference = 3603DFC3247DC28600916366 /* ShowTouches (FOSS).app */;
			productType = "com.apple.product-type.application";
		};
		36AE8DB71F5C1EF40072FD94 /* ShowTouches */ = {
			isa = PBXNativeTarget;
			buildConfigurationList = 36AE8DCF1F5C1EF40072FD94 /* Build configuration list for PBXNativeTarget "ShowTouches" */;
			buildPhases = (
				36AE8DB41F5C1EF40072FD94 /* Sources */,
				36AE8DB51F5C1EF40072FD94 /* Frameworks */,
				36AE8DB61F5C1EF40072FD94 /* Resources */,
			);
			buildRules = (
			);
			dependencies = (
			);
			name = ShowTouches;
			productName = ShowTouches;
			productReference = 36AE8DB81F5C1EF40072FD94 /* ShowTouches.app */;
			productType = "com.apple.product-type.application";
		};
/* End PBXNativeTarget section */

/* Begin PBXProject section */
		36AE8DB01F5C1EF40072FD94 /* Project object */ = {
			isa = PBXProject;
			attributes = {
				LastUpgradeCheck = 1010;
				ORGANIZATIONNAME = "Sijmen J. Mulder";
				TargetAttributes = {
					3603DFB0247DC28600916366 = {
						DevelopmentTeam = FX2TJYZ3GE;
					};
					36AE8DB71F5C1EF40072FD94 = {
						CreatedOnToolsVersion = 8.3.3;
						DevelopmentTeam = FX2TJYZ3GE;
						ProvisioningStyle = Automatic;
					};
				};
			};
			buildConfigurationList = 36AE8DB31F5C1EF40072FD94 /* Build configuration list for PBXProject "ShowTouches" */;
			compatibilityVersion = "Xcode 3.2";
			developmentRegion = en;
			hasScannedForEncodings = 0;
			knownRegions = (
				en,
				Base,
				nl,
			);
			mainGroup = 36AE8DAF1F5C1EF40072FD94;
			productRefGroup = 36AE8DB91F5C1EF40072FD94 /* Products */;
			projectDirPath = "";
			projectRoot = "";
			targets = (
				36AE8DB71F5C1EF40072FD94 /* ShowTouches */,
				3603DFB0247DC28600916366 /* ShowTouches (FOSS) */,
			);
		};
/* End PBXProject section */

/* Begin PBXResourcesBuildPhase section */
		3603DFBB247DC28600916366 /* Resources */ = {
			isa = PBXResourcesBuildPhase;
			buildActionMask = 2147483647;
			files = (
				3603DFBD247DC28600916366 /* LaunchScreen.storyboard in Resources */,
				3603DFBE247DC28600916366 /* InfoPlist.strings in Resources */,
				3603DFBF247DC28600916366 /* Assets.xcassets in Resources */,
			);
			runOnlyForDeploymentPostprocessing = 0;
		};
		36AE8DB61F5C1EF40072FD94 /* Resources */ = {
			isa = PBXResourcesBuildPhase;
			buildActionMask = 2147483647;
			files = (
				363FD857218BCC5300AB3CD6 /* Settings.bundle in Resources */,
				36AE8DCB1F5C1EF40072FD94 /* LaunchScreen.storyboard in Resources */,
				36AE8DDB1F5C3C530072FD94 /* InfoPlist.strings in Resources */,
				36AE8DC81F5C1EF40072FD94 /* Assets.xcassets in Resources */,
			);
			runOnlyForDeploymentPostprocessing = 0;
		};
/* End PBXResourcesBuildPhase section */

/* Begin PBXSourcesBuildPhase section */
		3603DFB1247DC28600916366 /* Sources */ = {
			isa = PBXSourcesBuildPhase;
			buildActionMask = 2147483647;
			files = (
				3603DFB2247DC28600916366 /* AppDelegate.m in Sources */,
				3603DFB3247DC28600916366 /* ShowTouchesView.m in Sources */,
				3603DFB4247DC28600916366 /* main.m in Sources */,
			);
			runOnlyForDeploymentPostprocessing = 0;
		};
		36AE8DB41F5C1EF40072FD94 /* Sources */ = {
			isa = PBXSourcesBuildPhase;
			buildActionMask = 2147483647;
			files = (
				36AE8DC01F5C1EF40072FD94 /* AppDelegate.m in Sources */,
				36AE8DD31F5C1FA50072FD94 /* ShowTouchesView.m in Sources */,
				36AE8DBD1F5C1EF40072FD94 /* main.m in Sources */,
			);
			runOnlyForDeploymentPostprocessing = 0;
		};
/* End PBXSourcesBuildPhase section */

/* Begin PBXVariantGroup section */
		36AE8DC91F5C1EF40072FD94 /* LaunchScreen.storyboard */ = {
			isa = PBXVariantGroup;
			children = (
				36AE8DCA1F5C1EF40072FD94 /* Base */,
				36AE8DDA1F5C3C490072FD94 /* nl */,
			);
			name = LaunchScreen.storyboard;
			sourceTree = "<group>";
		};
		36AE8DDD1F5C3C530072FD94 /* InfoPlist.strings */ = {
			isa = PBXVariantGroup;
			children = (
				36AE8DDC1F5C3C530072FD94 /* nl */,
			);
			name = InfoPlist.strings;
			sourceTree = "<group>";
		};
/* End PBXVariantGroup section */

/* Begin XCBuildConfiguration section */
		3603DFC1247DC28600916366 /* Debug */ = {
			isa = XCBuildConfiguration;
			buildSettings = {
				GCC_PREPROCESSOR_DEFINITIONS = (
					"DEBUG=1",
					NO_SONARPEN,
				);
				INFOPLIST_FILE = ShowTouches/Info.plist;
				PRODUCT_BUNDLE_IDENTIFIER = "nl.sjmulder.ShowTouches-9e68";
				PRODUCT_NAME = "$(TARGET_NAME)";
			};
			name = Debug;
		};
		3603DFC2247DC28600916366 /* Release */ = {
			isa = XCBuildConfiguration;
			buildSettings = {
				GCC_PREPROCESSOR_DEFINITIONS = NO_SONARPEN;
				INFOPLIST_FILE = ShowTouches/Info.plist;
				PRODUCT_BUNDLE_IDENTIFIER = "nl.sjmulder.ShowTouches-9e68";
				PRODUCT_NAME = "$(TARGET_NAME)";
			};
			name = Release;
		};
		36AE8DCD1F5C1EF40072FD94 /* Debug */ = {
			isa = XCBuildConfiguration;
			buildSettings = {
				ASSETCATALOG_COMPILER_APPICON_NAME = AppIcon;
				CLANG_ANALYZER_LOCALIZABILITY_NONLOCALIZED = YES;
				CLANG_ANALYZER_NONNULL = YES;
				CLANG_ANALYZER_NUMBER_OBJECT_CONVERSION = YES_AGGRESSIVE;
				CLANG_ENABLE_MODULES = YES;
				CLANG_ENABLE_OBJC_ARC = YES;
				CLANG_WARN_BLOCK_CAPTURE_AUTORELEASING = YES;
				CLANG_WARN_BOOL_CONVERSION = YES;
				CLANG_WARN_COMMA = YES;
				CLANG_WARN_CONSTANT_CONVERSION = YES;
				CLANG_WARN_DEPRECATED_OBJC_IMPLEMENTATIONS = YES;
				CLANG_WARN_DIRECT_OBJC_ISA_USAGE = YES_ERROR;
				CLANG_WARN_DOCUMENTATION_COMMENTS = YES;
				CLANG_WARN_EMPTY_BODY = YES;
				CLANG_WARN_ENUM_CONVERSION = YES;
				CLANG_WARN_INFINITE_RECURSION = YES;
				CLANG_WARN_INT_CONVERSION = YES;
				CLANG_WARN_NON_LITERAL_NULL_CONVERSION = YES;
				CLANG_WARN_OBJC_IMPLICIT_RETAIN_SELF = YES;
				CLANG_WARN_OBJC_LITERAL_CONVERSION = YES;
				CLANG_WARN_OBJC_ROOT_CLASS = YES_ERROR;
				CLANG_WARN_RANGE_LOOP_ANALYSIS = YES;
				CLANG_WARN_STRICT_PROTOTYPES = YES;
				CLANG_WARN_SUSPICIOUS_MOVE = YES;
				CLANG_WARN_UNREACHABLE_CODE = YES;
				CLANG_WARN__DUPLICATE_METHOD_MATCH = YES;
				DEBUG_INFORMATION_FORMAT = dwarf;
				DEVELOPMENT_TEAM = FX2TJYZ3GE;
				ENABLE_STRICT_OBJC_MSGSEND = YES;
				ENABLE_TESTABILITY = YES;
				GCC_NO_COMMON_BLOCKS = YES;
				GCC_OPTIMIZATION_LEVEL = 0;
				GCC_PREPROCESSOR_DEFINITIONS = (
					"DEBUG=1",
					"$(inherited)",
				);
				GCC_WARN_64_TO_32_BIT_CONVERSION = YES;
				GCC_WARN_ABOUT_RETURN_TYPE = YES_ERROR;
				GCC_WARN_UNDECLARED_SELECTOR = YES;
				GCC_WARN_UNINITIALIZED_AUTOS = YES_AGGRESSIVE;
				GCC_WARN_UNUSED_FUNCTION = YES;
				GCC_WARN_UNUSED_VARIABLE = YES;
				IPHONEOS_DEPLOYMENT_TARGET = 8.1;
				ONLY_ACTIVE_ARCH = YES;
				SDKROOT = iphoneos;
				TARGETED_DEVICE_FAMILY = "1,2";
			};
			name = Debug;
		};
		36AE8DCE1F5C1EF40072FD94 /* Release */ = {
			isa = XCBuildConfiguration;
			buildSettings = {
				ASSETCATALOG_COMPILER_APPICON_NAME = AppIcon;
				CLANG_ANALYZER_LOCALIZABILITY_NONLOCALIZED = YES;
				CLANG_ANALYZER_NONNULL = YES;
				CLANG_ANALYZER_NUMBER_OBJECT_CONVERSION = YES_AGGRESSIVE;
				CLANG_ENABLE_MODULES = YES;
				CLANG_ENABLE_OBJC_ARC = YES;
				CLANG_WARN_BLOCK_CAPTURE_AUTORELEASING = YES;
				CLANG_WARN_BOOL_CONVERSION = YES;
				CLANG_WARN_COMMA = YES;
				CLANG_WARN_CONSTANT_CONVERSION = YES;
				CLANG_WARN_DEPRECATED_OBJC_IMPLEMENTATIONS = YES;
				CLANG_WARN_DIRECT_OBJC_ISA_USAGE = YES_ERROR;
				CLANG_WARN_DOCUMENTATION_COMMENTS = YES;
				CLANG_WARN_EMPTY_BODY = YES;
				CLANG_WARN_ENUM_CONVERSION = YES;
				CLANG_WARN_INFINITE_RECURSION = YES;
				CLANG_WARN_INT_CONVERSION = YES;
				CLANG_WARN_NON_LITERAL_NULL_CONVERSION = YES;
				CLANG_WARN_OBJC_IMPLICIT_RETAIN_SELF = YES;
				CLANG_WARN_OBJC_LITERAL_CONVERSION = YES;
				CLANG_WARN_OBJC_ROOT_CLASS = YES_ERROR;
				CLANG_WARN_RANGE_LOOP_ANALYSIS = YES;
				CLANG_WARN_STRICT_PROTOTYPES = YES;
				CLANG_WARN_SUSPICIOUS_MOVE = YES;
				CLANG_WARN_UNREACHABLE_CODE = YES;
				CLANG_WARN__DUPLICATE_METHOD_MATCH = YES;
				DEBUG_INFORMATION_FORMAT = "dwarf-with-dsym";
				DEVELOPMENT_TEAM = FX2TJYZ3GE;
				ENABLE_NS_ASSERTIONS = NO;
				ENABLE_STRICT_OBJC_MSGSEND = YES;
				GCC_NO_COMMON_BLOCKS = YES;
				GCC_WARN_64_TO_32_BIT_CONVERSION = YES;
				GCC_WARN_ABOUT_RETURN_TYPE = YES_ERROR;
				GCC_WARN_UNDECLARED_SELECTOR = YES;
				GCC_WARN_UNINITIALIZED_AUTOS = YES_AGGRESSIVE;
				GCC_WARN_UNUSED_FUNCTION = YES;
				GCC_WARN_UNUSED_VARIABLE = YES;
				IPHONEOS_DEPLOYMENT_TARGET = 8.1;
				SDKROOT = iphoneos;
				TARGETED_DEVICE_FAMILY = "1,2";
				VALIDATE_PRODUCT = YES;
			};
			name = Release;
		};
		36AE8DD01F5C1EF40072FD94 /* Debug */ = {
			isa = XCBuildConfiguration;
			buildSettings = {
				HEADER_SEARCH_PATHS = (
					"$(inherited)",
					"$(PROJECT_DIR)/SonarPen/include",
				);
				INFOPLIST_FILE = ShowTouches/Info.plist;
				LD_RUNPATH_SEARCH_PATHS = "@executable_path/Frameworks";
				LIBRARY_SEARCH_PATHS = (
					"$(inherited)",
					"$(PROJECT_DIR)/SonarPen",
				);
				PRODUCT_BUNDLE_IDENTIFIER = "nl.sjmulder.ShowTouches-9e68";
				PRODUCT_NAME = "$(TARGET_NAME)";
			};
			name = Debug;
		};
		36AE8DD11F5C1EF40072FD94 /* Release */ = {
			isa = XCBuildConfiguration;
			buildSettings = {
				HEADER_SEARCH_PATHS = (
					"$(inherited)",
					"$(PROJECT_DIR)/SonarPen/include",
				);
				INFOPLIST_FILE = ShowTouches/Info.plist;
				LD_RUNPATH_SEARCH_PATHS = "@executable_path/Frameworks";
				LIBRARY_SEARCH_PATHS = (
					"$(inherited)",
					"$(PROJECT_DIR)/SonarPen",
				);
				PRODUCT_BUNDLE_IDENTIFIER = "nl.sjmulder.ShowTouches-9e68";
				PRODUCT_NAME = "$(TARGET_NAME)";
			};
			name = Release;
		};
/* End XCBuildConfiguration section */

/* Begin XCConfigurationList section */
		3603DFC0247DC28600916366 /* Build configuration list for PBXNativeTarget "ShowTouches (FOSS)" */ = {
			isa = XCConfigurationList;
			buildConfigurations = (
				3603DFC1247DC28600916366 /* Debug */,
				3603DFC2247DC28600916366 /* Release */,
			);
			defaultConfigurationIsVisible = 0;
			defaultConfigurationName = Release;
		};
		36AE8DB31F5C1EF40072FD94 /* Build configuration list for PBXProject "ShowTouches" */ = {
			isa = XCConfigurationList;
			buildConfigurations = (
				36AE8DCD1F5C1EF40072FD94 /* Debug */,
				36AE8DCE1F5C1EF40072FD94 /* Release */,
			);
			defaultConfigurationIsVisible = 0;
			defaultConfigurationName = Release;
		};
		36AE8DCF1F5C1EF40072FD94 /* Build configuration list for PBXNativeTarget "ShowTouches" */ = {
			isa = XCConfigurationList;
			buildConfigurations = (
				36AE8DD01F5C1EF40072FD94 /* Debug */,
				36AE8DD11F5C1EF40072FD94 /* Release */,
			);
			defaultConfigurationIsVisible = 0;
			defaultConfigurationName = Release;
		};
/* End XCConfigurationList section */
	};
	rootObject = 36AE8DB01F5C1EF40072FD94 /* Project object */;
}
